
Microsoft Visual Studio Solution File, Format Version 12.00
# Visual Studio Version 17
VisualStudioVersion = 17.4.33103.184
MinimumVisualStudioVersion = 10.0.40219.1
Project("{9A19103F-16F7-4668-BE54-9A1E7A4F7556}") = "TT.GetGo.Web", "TT.GetGo.Web\TT.GetGo.Web.csproj", "{6F246A04-CA3D-4F4F-9289-6444FBF20AE2}"
EndProject
Project("{9A19103F-16F7-4668-BE54-9A1E7A4F7556}") = "TT.GetGo.Core", "..\TT.GetGo.Core\TT.GetGo.Core.csproj", "{384418D1-2831-4472-93B0-9292C1CCE83D}"
EndProject
Project("{9A19103F-16F7-4668-BE54-9A1E7A4F7556}") = "TT.GetGo.Data", "..\TT.GetGo.Data\TT.GetGo.Data.csproj", "{EB5131AB-C7BF-450B-8343-BF07643036D2}"
EndProject
Project("{9A19103F-16F7-4668-BE54-9A1E7A4F7556}") = "TT.GetGo.Services", "..\TT.GetGo.Services\TT.GetGo.Services.csproj", "{5DD2B569-1E4B-4982-9FAF-3805EA3D1EA4}"
EndProject
Project("{FAE04EC0-301F-11D3-BF4B-00C04F79EFBC}") = "TT.GetGo.Web.Test", "..\TT.GetGo.Web.Test\TT.GetGo.Web.Test.csproj", "{ACFC4EA4-622D-478E-ABB0-EA5868E07A5F}"
EndProject
Global
	GlobalSection(SolutionConfigurationPlatforms) = preSolution
		Debug|Any CPU = Debug|Any CPU
		Release|Any CPU = Release|Any CPU
	EndGlobalSection
	GlobalSection(ProjectConfigurationPlatforms) = postSolution
		{6F246A04-CA3D-4F4F-9289-6444FBF20AE2}.Debug|Any CPU.ActiveCfg = Debug|Any CPU
		{6F246A04-CA3D-4F4F-9289-6444FBF20AE2}.Debug|Any CPU.Build.0 = Debug|Any CPU
		{6F246A04-CA3D-4F4F-9289-6444FBF20AE2}.Release|Any CPU.ActiveCfg = Release|Any CPU
		{6F246A04-CA3D-4F4F-9289-6444FBF20AE2}.Release|Any CPU.Build.0 = Release|Any CPU
		{384418D1-2831-4472-93B0-9292C1CCE83D}.Debug|Any CPU.ActiveCfg = Debug|Any CPU
		{384418D1-2831-4472-93B0-9292C1CCE83D}.Debug|Any CPU.Build.0 = Debug|Any CPU
		{384418D1-2831-4472-93B0-9292C1CCE83D}.Release|Any CPU.ActiveCfg = Release|Any CPU
		{384418D1-2831-4472-93B0-9292C1CCE83D}.Release|Any CPU.Build.0 = Release|Any CPU
		{EB5131AB-C7BF-450B-8343-BF07643036D2}.Debug|Any CPU.ActiveCfg = Debug|Any CPU
		{EB5131AB-C7BF-450B-8343-BF07643036D2}.Debug|Any CPU.Build.0 = Debug|Any CPU
		{EB5131AB-C7BF-450B-8343-BF07643036D2}.Release|Any CPU.ActiveCfg = Release|Any CPU
		{EB5131AB-C7BF-450B-8343-BF07643036D2}.Release|Any CPU.Build.0 = Release|Any CPU
		{5DD2B569-1E4B-4982-9FAF-3805EA3D1EA4}.Debug|Any CPU.ActiveCfg = Debug|Any CPU
		{5DD2B569-1E4B-4982-9FAF-3805EA3D1EA4}.Debug|Any CPU.Build.0 = Debug|Any CPU
		{5DD2B569-1E4B-4982-9FAF-3805EA3D1EA4}.Release|Any CPU.ActiveCfg = Release|Any CPU
		{5DD2B569-1E4B-4982-9FAF-3805EA3D1EA4}.Release|Any CPU.Build.0 = Release|Any CPU
		{ACFC4EA4-622D-478E-ABB0-EA5868E07A5F}.Debug|Any CPU.ActiveCfg = Debug|Any CPU
		{ACFC4EA4-622D-478E-ABB0-EA5868E07A5F}.Debug|Any CPU.Build.0 = Debug|Any CPU
		{ACFC4EA4-622D-478E-ABB0-EA5868E07A5F}.Release|Any CPU.ActiveCfg = Release|Any CPU
		{ACFC4EA4-622D-478E-ABB0-EA5868E07A5F}.Release|Any CPU.Build.0 = Release|Any CPU
	EndGlobalSection
	GlobalSection(SolutionProperties) = preSolution
		HideSolutionNode = FALSE
	EndGlobalSection
	GlobalSection(ExtensibilityGlobals) = postSolution
		SolutionGuid = {AD41FE35-5D2D-4A4D-9D98-BC52914DC492}
	EndGlobalSection
EndGlobal
