
Microsoft Visual Studio Solution File, Format Version 12.00
# Visual Studio Version 17
VisualStudioVersion = 17.4.33103.184
MinimumVisualStudioVersion = 10.0.40219.1
Project("{9A19103F-16F7-4668-BE54-9A1E7A4F7556}") = "TT.GetGo.Web", "TT.GetGo.Web\TT.GetGo.Web.csproj", "{6F246A04-CA3D-4F4F-9289-6444FBF20AE2}"
EndProject
Project("{9A19103F-16F7-4668-BE54-9A1E7A4F7556}") = "TT.GetGo.Core", "TT.GetGo.Core\TT.GetGo.Core.csproj", "{D38BE749-BF79-475C-918A-0E9CB440954C}"
EndProject
Project("{9A19103F-16F7-4668-BE54-9A1E7A4F7556}") = "TT.GetGo.Services", "TT.GetGo.Services\TT.GetGo.Services.csproj", "{9BAE895B-784A-4CB5-821D-E4B0B011ACCD}"
EndProject
Project("{9A19103F-16F7-4668-BE54-9A1E7A4F7556}") = "TT.GetGo.Web.Test", "TT.GetGo.Web.Test\TT.GetGo.Web.Test.csproj", "{5846CBD1-F9B8-4E1B-B622-B266856ABFF9}"
EndProject
Global
	GlobalSection(SolutionConfigurationPlatforms) = preSolution
		Debug|Any CPU = Debug|Any CPU
		Release|Any CPU = Release|Any CPU
	EndGlobalSection
	GlobalSection(ProjectConfigurationPlatforms) = postSolution
		{6F246A04-CA3D-4F4F-9289-6444FBF20AE2}.Debug|Any CPU.ActiveCfg = Debug|Any CPU
		{6F246A04-CA3D-4F4F-9289-6444FBF20AE2}.Debug|Any CPU.Build.0 = Debug|Any CPU
		{6F246A04-CA3D-4F4F-9289-6444FBF20AE2}.Release|Any CPU.ActiveCfg = Release|Any CPU
		{6F246A04-CA3D-4F4F-9289-6444FBF20AE2}.Release|Any CPU.Build.0 = Release|Any CPU
		{D38BE749-BF79-475C-918A-0E9CB440954C}.Debug|Any CPU.ActiveCfg = Debug|Any CPU
		{D38BE749-BF79-475C-918A-0E9CB440954C}.Debug|Any CPU.Build.0 = Debug|Any CPU
		{D38BE749-BF79-475C-918A-0E9CB440954C}.Release|Any CPU.ActiveCfg = Release|Any CPU
		{D38BE749-BF79-475C-918A-0E9CB440954C}.Release|Any CPU.Build.0 = Release|Any CPU
		{9BAE895B-784A-4CB5-821D-E4B0B011ACCD}.Debug|Any CPU.ActiveCfg = Debug|Any CPU
		{9BAE895B-784A-4CB5-821D-E4B0B011ACCD}.Debug|Any CPU.Build.0 = Debug|Any CPU
		{9BAE895B-784A-4CB5-821D-E4B0B011ACCD}.Release|Any CPU.ActiveCfg = Release|Any CPU
		{9BAE895B-784A-4CB5-821D-E4B0B011ACCD}.Release|Any CPU.Build.0 = Release|Any CPU
		{5846CBD1-F9B8-4E1B-B622-B266856ABFF9}.Debug|Any CPU.ActiveCfg = Debug|Any CPU
		{5846CBD1-F9B8-4E1B-B622-B266856ABFF9}.Debug|Any CPU.Build.0 = Debug|Any CPU
		{5846CBD1-F9B8-4E1B-B622-B266856ABFF9}.Release|Any CPU.ActiveCfg = Release|Any CPU
		{5846CBD1-F9B8-4E1B-B622-B266856ABFF9}.Release|Any CPU.Build.0 = Release|Any CPU
	EndGlobalSection
	GlobalSection(SolutionProperties) = preSolution
		HideSolutionNode = FALSE
	EndGlobalSection
	GlobalSection(ExtensibilityGlobals) = postSolution
		SolutionGuid = {AD41FE35-5D2D-4A4D-9D98-BC52914DC492}
	EndGlobalSection
EndGlobal
